
Microsoft Visual Studio Solution File, Format Version 12.00
# Visual Studio Version 17
VisualStudioVersion = 17.8.34525.116
MinimumVisualStudioVersion = 10.0.40219.1
Project("{FAE04EC0-301F-11D3-BF4B-00C04F79EFBC}") = "MauiAppQualCombustivel", "MauiAppQualCombustivel\MauiAppQualCombustivel.csproj", "{51083BC8-7A0C-4C78-9F07-CBAF768EF40F}"
EndProject
Global
	GlobalSection(SolutionConfigurationPlatforms) = preSolution
		Debug|Any CPU = Debug|Any CPU
		Release|Any CPU = Release|Any CPU
	EndGlobalSection
	GlobalSection(ProjectConfigurationPlatforms) = postSolution
		{51083BC8-7A0C-4C78-9F07-CBAF768EF40F}.Debug|Any CPU.ActiveCfg = Debug|Any CPU
		{51083BC8-7A0C-4C78-9F07-CBAF768EF40F}.Debug|Any CPU.Build.0 = Debug|Any CPU
		{51083BC8-7A0C-4C78-9F07-CBAF768EF40F}.Debug|Any CPU.Deploy.0 = Debug|Any CPU
		{51083BC8-7A0C-4C78-9F07-CBAF768EF40F}.Release|Any CPU.ActiveCfg = Release|Any CPU
		{51083BC8-7A0C-4C78-9F07-CBAF768EF40F}.Release|Any CPU.Build.0 = Release|Any CPU
		{51083BC8-7A0C-4C78-9F07-CBAF768EF40F}.Release|Any CPU.Deploy.0 = Release|Any CPU
	EndGlobalSection
	GlobalSection(SolutionProperties) = preSolution
		HideSolutionNode = FALSE
	EndGlobalSection
	GlobalSection(ExtensibilityGlobals) = postSolution
		SolutionGuid = {F99AE6E7-1623-41E8-AFF8-BC26E765C948}
	EndGlobalSection
EndGlobal
